
Microsoft Visual Studio Solution File, Format Version 12.00
# Visual Studio Version 17
VisualStudioVersion = 17.0.31903.59
MinimumVisualStudioVersion = 10.0.40219.1
Project("{2150E333-8FDC-42A3-9474-1A3956D46DE8}") = "src", "src", "{CA0199F0-FDE2-4EB6-B88C-1DC09539DD38}"
EndProject
Project("{FAE04EC0-301F-11D3-BF4B-00C04F79EFBC}") = "AirAstanaFlightStatusService.Api", "src\AirAstanaFlightStatusService.Api\AirAstanaFlightStatusService.Api.csproj", "{B90A40DF-5646-432C-9788-FCC7BFA653D3}"
EndProject
Project("{FAE04EC0-301F-11D3-BF4B-00C04F79EFBC}") = "AirAstanaFlightStatusService.Application", "src\AirAstanaFlightStatusService.Application\AirAstanaFlightStatusService.Application.csproj", "{D06087A8-D001-493D-8984-5EE55E1F5A9C}"
EndProject
Project("{FAE04EC0-301F-11D3-BF4B-00C04F79EFBC}") = "AirAstanaFlightStatusService.Domain", "src\AirAstanaFlightStatusService.Domain\AirAstanaFlightStatusService.Domain.csproj", "{16CBCE73-8737-47C2-A44C-8BC4E252C962}"
EndProject
Project("{FAE04EC0-301F-11D3-BF4B-00C04F79EFBC}") = "AirAstanaFlightStatusService.Infrastructure", "src\AirAstanaFlightStatusService.Infrastructure\AirAstanaFlightStatusService.Infrastructure.csproj", "{39F8F542-563E-48D0-B894-358C78960F58}"
EndProject
Project("{2150E333-8FDC-42A3-9474-1A3956D46DE8}") = "tests", "tests", "{C7DE721A-09D6-4CFB-9F7A-33B4BC876886}"
EndProject
Project("{FAE04EC0-301F-11D3-BF4B-00C04F79EFBC}") = "AirAstanaFlightStatusService.UnitTests", "tests\AirAstanaFlightStatusService.UnitTests\AirAstanaFlightStatusService.UnitTests.csproj", "{283751C3-7268-4633-BCDE-1F96FAD04C5A}"
EndProject
Global
	GlobalSection(SolutionConfigurationPlatforms) = preSolution
		Debug|Any CPU = Debug|Any CPU
		Release|Any CPU = Release|Any CPU
	EndGlobalSection
	GlobalSection(SolutionProperties) = preSolution
		HideSolutionNode = FALSE
	EndGlobalSection
	GlobalSection(ProjectConfigurationPlatforms) = postSolution
		{B90A40DF-5646-432C-9788-FCC7BFA653D3}.Debug|Any CPU.ActiveCfg = Debug|Any CPU
		{B90A40DF-5646-432C-9788-FCC7BFA653D3}.Debug|Any CPU.Build.0 = Debug|Any CPU
		{B90A40DF-5646-432C-9788-FCC7BFA653D3}.Release|Any CPU.ActiveCfg = Release|Any CPU
		{B90A40DF-5646-432C-9788-FCC7BFA653D3}.Release|Any CPU.Build.0 = Release|Any CPU
		{D06087A8-D001-493D-8984-5EE55E1F5A9C}.Debug|Any CPU.ActiveCfg = Debug|Any CPU
		{D06087A8-D001-493D-8984-5EE55E1F5A9C}.Debug|Any CPU.Build.0 = Debug|Any CPU
		{D06087A8-D001-493D-8984-5EE55E1F5A9C}.Release|Any CPU.ActiveCfg = Release|Any CPU
		{D06087A8-D001-493D-8984-5EE55E1F5A9C}.Release|Any CPU.Build.0 = Release|Any CPU
		{16CBCE73-8737-47C2-A44C-8BC4E252C962}.Debug|Any CPU.ActiveCfg = Debug|Any CPU
		{16CBCE73-8737-47C2-A44C-8BC4E252C962}.Debug|Any CPU.Build.0 = Debug|Any CPU
		{16CBCE73-8737-47C2-A44C-8BC4E252C962}.Release|Any CPU.ActiveCfg = Release|Any CPU
		{16CBCE73-8737-47C2-A44C-8BC4E252C962}.Release|Any CPU.Build.0 = Release|Any CPU
		{39F8F542-563E-48D0-B894-358C78960F58}.Debug|Any CPU.ActiveCfg = Debug|Any CPU
		{39F8F542-563E-48D0-B894-358C78960F58}.Debug|Any CPU.Build.0 = Debug|Any CPU
		{39F8F542-563E-48D0-B894-358C78960F58}.Release|Any CPU.ActiveCfg = Release|Any CPU
		{39F8F542-563E-48D0-B894-358C78960F58}.Release|Any CPU.Build.0 = Release|Any CPU
		{283751C3-7268-4633-BCDE-1F96FAD04C5A}.Debug|Any CPU.ActiveCfg = Debug|Any CPU
		{283751C3-7268-4633-BCDE-1F96FAD04C5A}.Debug|Any CPU.Build.0 = Debug|Any CPU
		{283751C3-7268-4633-BCDE-1F96FAD04C5A}.Release|Any CPU.ActiveCfg = Release|Any CPU
		{283751C3-7268-4633-BCDE-1F96FAD04C5A}.Release|Any CPU.Build.0 = Release|Any CPU
	EndGlobalSection
	GlobalSection(NestedProjects) = preSolution
		{B90A40DF-5646-432C-9788-FCC7BFA653D3} = {CA0199F0-FDE2-4EB6-B88C-1DC09539DD38}
		{D06087A8-D001-493D-8984-5EE55E1F5A9C} = {CA0199F0-FDE2-4EB6-B88C-1DC09539DD38}
		{16CBCE73-8737-47C2-A44C-8BC4E252C962} = {CA0199F0-FDE2-4EB6-B88C-1DC09539DD38}
		{39F8F542-563E-48D0-B894-358C78960F58} = {CA0199F0-FDE2-4EB6-B88C-1DC09539DD38}
		{283751C3-7268-4633-BCDE-1F96FAD04C5A} = {C7DE721A-09D6-4CFB-9F7A-33B4BC876886}
	EndGlobalSection
EndGlobal
